
Microsoft Visual Studio Solution File, Format Version 12.00
# Visual Studio 15
VisualStudioVersion = 15.0.26730.12
MinimumVisualStudioVersion = 10.0.40219.1
Project("{FAE04EC0-301F-11D3-BF4B-00C04F79EFBC}") = "Hello", "Hello\Hello.csproj", "{43D3A9D9-D831-46CD-BE33-1DE6770DB406}"
EndProject
Project("{FAE04EC0-301F-11D3-BF4B-00C04F79EFBC}") = "OOdemot", "OOdemot\OOdemot.csproj", "{647E5B70-F18B-4837-8A73-4FCAFA7B4CB9}"
EndProject
Project("{FAE04EC0-301F-11D3-BF4B-00C04F79EFBC}") = "Labrat", "Labrat\Labrat.csproj", "{8E97D551-5AA2-4AEF-860C-980CA225C2C1}"
EndProject
Project("{FAE04EC0-301F-11D3-BF4B-00C04F79EFBC}") = "KiuasPesukone", "KiuasPesukone\KiuasPesukone.csproj", "{560ED4AE-58A2-4276-B576-A1F3B461492C}"
EndProject
Project("{FAE04EC0-301F-11D3-BF4B-00C04F79EFBC}") = "PesuKone", "PesuKone\PesuKone.csproj", "{8F4D2D54-3694-48F6-9253-6DE6353B8EAA}"
EndProject
Project("{FAE04EC0-301F-11D3-BF4B-00C04F79EFBC}") = "Telkkari", "Telkkari\Telkkari.csproj", "{D07CA0A0-995C-41B3-9738-96D4A09AAC98}"
EndProject
Project("{FAE04EC0-301F-11D3-BF4B-00C04F79EFBC}") = "NumberTester", "NumberTester\NumberTester.csproj", "{233F8CF2-3AE1-4589-8035-57C6D379F7C4}"
EndProject
Project("{FAE04EC0-301F-11D3-BF4B-00C04F79EFBC}") = "DynaHissi", "DynaHissi\DynaHissi.csproj", "{74A650CD-5EAA-4DA5-897B-441E643B4710}"
EndProject
Global
	GlobalSection(SolutionConfigurationPlatforms) = preSolution
		Debug|Any CPU = Debug|Any CPU
		Release|Any CPU = Release|Any CPU
	EndGlobalSection
	GlobalSection(ProjectConfigurationPlatforms) = postSolution
		{43D3A9D9-D831-46CD-BE33-1DE6770DB406}.Debug|Any CPU.ActiveCfg = Debug|Any CPU
		{43D3A9D9-D831-46CD-BE33-1DE6770DB406}.Debug|Any CPU.Build.0 = Debug|Any CPU
		{43D3A9D9-D831-46CD-BE33-1DE6770DB406}.Release|Any CPU.ActiveCfg = Release|Any CPU
		{43D3A9D9-D831-46CD-BE33-1DE6770DB406}.Release|Any CPU.Build.0 = Release|Any CPU
		{647E5B70-F18B-4837-8A73-4FCAFA7B4CB9}.Debug|Any CPU.ActiveCfg = Debug|Any CPU
		{647E5B70-F18B-4837-8A73-4FCAFA7B4CB9}.Debug|Any CPU.Build.0 = Debug|Any CPU
		{647E5B70-F18B-4837-8A73-4FCAFA7B4CB9}.Release|Any CPU.ActiveCfg = Release|Any CPU
		{647E5B70-F18B-4837-8A73-4FCAFA7B4CB9}.Release|Any CPU.Build.0 = Release|Any CPU
		{8E97D551-5AA2-4AEF-860C-980CA225C2C1}.Debug|Any CPU.ActiveCfg = Debug|Any CPU
		{8E97D551-5AA2-4AEF-860C-980CA225C2C1}.Debug|Any CPU.Build.0 = Debug|Any CPU
		{8E97D551-5AA2-4AEF-860C-980CA225C2C1}.Release|Any CPU.ActiveCfg = Release|Any CPU
		{8E97D551-5AA2-4AEF-860C-980CA225C2C1}.Release|Any CPU.Build.0 = Release|Any CPU
		{560ED4AE-58A2-4276-B576-A1F3B461492C}.Debug|Any CPU.ActiveCfg = Debug|Any CPU
		{560ED4AE-58A2-4276-B576-A1F3B461492C}.Debug|Any CPU.Build.0 = Debug|Any CPU
		{560ED4AE-58A2-4276-B576-A1F3B461492C}.Release|Any CPU.ActiveCfg = Release|Any CPU
		{560ED4AE-58A2-4276-B576-A1F3B461492C}.Release|Any CPU.Build.0 = Release|Any CPU
		{8F4D2D54-3694-48F6-9253-6DE6353B8EAA}.Debug|Any CPU.ActiveCfg = Debug|Any CPU
		{8F4D2D54-3694-48F6-9253-6DE6353B8EAA}.Debug|Any CPU.Build.0 = Debug|Any CPU
		{8F4D2D54-3694-48F6-9253-6DE6353B8EAA}.Release|Any CPU.ActiveCfg = Release|Any CPU
		{8F4D2D54-3694-48F6-9253-6DE6353B8EAA}.Release|Any CPU.Build.0 = Release|Any CPU
		{D07CA0A0-995C-41B3-9738-96D4A09AAC98}.Debug|Any CPU.ActiveCfg = Debug|Any CPU
		{D07CA0A0-995C-41B3-9738-96D4A09AAC98}.Debug|Any CPU.Build.0 = Debug|Any CPU
		{D07CA0A0-995C-41B3-9738-96D4A09AAC98}.Release|Any CPU.ActiveCfg = Release|Any CPU
		{D07CA0A0-995C-41B3-9738-96D4A09AAC98}.Release|Any CPU.Build.0 = Release|Any CPU
		{233F8CF2-3AE1-4589-8035-57C6D379F7C4}.Debug|Any CPU.ActiveCfg = Debug|Any CPU
		{233F8CF2-3AE1-4589-8035-57C6D379F7C4}.Debug|Any CPU.Build.0 = Debug|Any CPU
		{233F8CF2-3AE1-4589-8035-57C6D379F7C4}.Release|Any CPU.ActiveCfg = Release|Any CPU
		{233F8CF2-3AE1-4589-8035-57C6D379F7C4}.Release|Any CPU.Build.0 = Release|Any CPU
		{74A650CD-5EAA-4DA5-897B-441E643B4710}.Debug|Any CPU.ActiveCfg = Debug|Any CPU
		{74A650CD-5EAA-4DA5-897B-441E643B4710}.Debug|Any CPU.Build.0 = Debug|Any CPU
		{74A650CD-5EAA-4DA5-897B-441E643B4710}.Release|Any CPU.ActiveCfg = Release|Any CPU
		{74A650CD-5EAA-4DA5-897B-441E643B4710}.Release|Any CPU.Build.0 = Release|Any CPU
	EndGlobalSection
	GlobalSection(SolutionProperties) = preSolution
		HideSolutionNode = FALSE
	EndGlobalSection
	GlobalSection(ExtensibilityGlobals) = postSolution
		SolutionGuid = {1305353A-4876-479E-8500-94605F6FC4D2}
	EndGlobalSection
EndGlobal
